PODS:
  - Alamofire (5.9.0)
  - AppAuth (1.7.2):
    - AppAuth/Core (= 1.7.2)
    - AppAuth/ExternalUserAgent (= 1.7.2)
  - AppAuth/Core (1.7.2)
  - AppAuth/ExternalUserAgent (1.7.2):
    - AppAuth/Core
  - AsyncSwift (2.0.4)
  - AuthorizeNetAccept (0.5.0)
  - Braintree (5.24.1):
    - Braintree/Card (= 5.24.1)
    - Braintree/Core (= 5.24.1)
    - Braintree/PayPal (= 5.24.1)
  - Braintree/Card (5.24.1):
    - Braintree/Core
  - Braintree/Core (5.24.1)
  - Braintree/PayPal (5.24.1):
    - Braintree/Core
    - Braintree/PayPalDataCollector
  - Braintree/PayPalDataCollector (5.24.1)
  - DropDown (2.3.4)
  - EmptyDataSet-Swift (5.0.0)
  - ExpyTableView (1.2.1)
  - EzPopup (1.2.4)
  - FBAEMKit (16.3.1):
    - FBSDKCoreKit_Basics (= 16.3.1)
  - FBSDKCoreKit (16.3.1):
    - FBAEMKit (= 16.3.1)
    - FBSDKCoreKit_Basics (= 16.3.1)
  - FBSDKCoreKit_Basics (16.3.1)
  - FBSDKLoginKit (16.3.1):
    - FBSDKCoreKit (= 16.3.1)
  - Google-Mobile-Ads-SDK (11.1.0):
    - GoogleUserMessagingPlatform (>= 1.1)
  - GoogleSignIn (5.0.0):
    - AppAuth (~> 1.1)
    - GTMAppAuth (~> 1.0)
    - GTMSessionFetcher/Core (~> 1.1)
  - GoogleUserMessagingPlatform (2.2.0)
  - GTMAppAuth (1.3.1):
    - AppAuth/Core (~> 1.6)
    - GTMSessionFetcher/Core (< 3.0, >= 1.5)
  - GTMSessionFetcher/Core (1.7.2)
  - ImageSlideshow/Core (1.9.2)
  - ImageSlideshow/SDWebImage (1.9.2):
    - ImageSlideshow/Core
    - SDWebImage (>= 3.7)
  - INSPhotoGallery (1.2.8)
  - IQKeyboardManagerSwift (7.0.1)
  - JGProgressHUD (2.2)
  - OneSignal (2.16.7)
  - PaystackCheckout (0.1.1):
    - Alamofire
  - R.swift (7.3.2)
  - razorpay-pod (1.3.6)
  - ReachabilitySwift (4.3.1)
  - SDWebImage (5.19.0):
    - SDWebImage/Core (= 5.19.0)
  - SDWebImage/Core (5.19.0)
  - SkeletonView (1.30.4)
  - Stripe (23.25.0):
    - StripeApplePay (= 23.25.0)
    - StripeCore (= 23.25.0)
    - StripePayments (= 23.25.0)
    - StripePaymentsUI (= 23.25.0)
    - StripeUICore (= 23.25.0)
  - StripeApplePay (23.25.0):
    - StripeCore (= 23.25.0)
  - StripeCore (23.25.0)
  - StripePayments (23.25.0):
    - StripeCore (= 23.25.0)
    - StripePayments/Stripe3DS2 (= 23.25.0)
  - StripePayments/Stripe3DS2 (23.25.0):
    - StripeCore (= 23.25.0)
  - StripePaymentsUI (23.25.0):
    - StripeCore (= 23.25.0)
    - StripePayments (= 23.25.0)
    - StripeUICore (= 23.25.0)
  - StripeUICore (23.25.0):
    - StripeCore (= 23.25.0)
  - SwiftEventBus (5.0.0)
  - SwiftyBeaver (1.9.5)
  - Toast-Swift (4.0.1)
  - XLPagerTabStrip (8.1.1)

DEPENDENCIES:
  - Alamofire
  - AsyncSwift
  - AuthorizeNetAccept
  - Braintree
  - DropDown (= 2.3.4)
  - EmptyDataSet-Swift (~> 5.0.0)
  - ExpyTableView
  - EzPopup
  - FBSDKLoginKit
  - Google-Mobile-Ads-SDK
  - GoogleSignIn (= 5.0.0)
  - ImageSlideshow/SDWebImage
  - INSPhotoGallery
  - IQKeyboardManagerSwift
  - JGProgressHUD
  - OneSignal (< 3.0, >= 2.6.2)
  - PaystackCheckout (~> 0.1)
  - R.swift
  - razorpay-pod
  - ReachabilitySwift (~> 4.3.0)
  - SDWebImage
  - SkeletonView
  - Stripe
  - SwiftEventBus (~> 5.0)
  - SwiftyBeaver
  - Toast-Swift (~> 4.0.0)
  - XLPagerTabStrip (~> 8.1.0)

SPEC REPOS:
  trunk:
    - Alamofire
    - AppAuth
    - AsyncSwift
    - AuthorizeNetAccept
    - Braintree
    - DropDown
    - EmptyDataSet-Swift
    - ExpyTableView
    - EzPopup
    - FBAEMKit
    - FBSDKCoreKit
    - FBSDKCoreKit_Basics
    - FBSDKLoginKit
    - Google-Mobile-Ads-SDK
    - GoogleSignIn
    - GoogleUserMessagingPlatform
    - GTMAppAuth
    - GTMSessionFetcher
    - ImageSlideshow
    - INSPhotoGallery
    - IQKeyboardManagerSwift
    - JGProgressHUD
    - OneSignal
    - PaystackCheckout
    - R.swift
    - razorpay-pod
    - ReachabilitySwift
    - SDWebImage
    - SkeletonView
    - Stripe
    - StripeApplePay
    - StripeCore
    - StripePayments
    - StripePaymentsUI
    - StripeUICore
    - SwiftEventBus
    - SwiftyBeaver
    - Toast-Swift
    - XLPagerTabStrip

SPEC CHECKSUMS:
  Alamofire: 02b772c9910e8eba1a079227c32fbd9e46c90a24
  AppAuth: ca2458caccec349cc1e26d8d9e8fd7d22f1d01f3
  AsyncSwift: 65775a7b32e740609b24969ece3de58723b9dc3e
  AuthorizeNetAccept: 410bbacc7ffb37a3e17d5d4e7e65251b318f426d
  Braintree: b6e1377bf862bbc26b8c0c0f89b8653d5e730214
  DropDown: f225ff0fd09dde064d17aa03db7e4d4e4ff40b6b
  EmptyDataSet-Swift: eb382c0c87a2d9c678077385a595cec52da38171
  ExpyTableView: 19cf224c2ff04b1ec215ec52bc4ba6f81fa809ed
  EzPopup: 37f2c40e8ce50412a269bfba365baa7085c28002
  FBAEMKit: 6c7b5eb77c96861bb59e040842c6e55bf39512ce
  FBSDKCoreKit: 5e4dd478947ab1bcc887e8cfadeae0727af1a942
  FBSDKCoreKit_Basics: cd7b5f5d1e8868c26706917919d058999ca672c3
  FBSDKLoginKit: 572cca0bc6c90067ef197187697cb3b584310c52
  Google-Mobile-Ads-SDK: 4a1f2ccef63660f9a74efc6a6ea979483d421aaa
  GoogleSignIn: a62edd0516721d2a3db1259a5681b91f9b41c06a
  GoogleUserMessagingPlatform: d31dbfb40ec02c5d9683029815c5d5a7f46389ee
  GTMAppAuth: 0ff230db599948a9ad7470ca667337803b3fc4dd
  GTMSessionFetcher: 5595ec75acf5be50814f81e9189490412bad82ba
  ImageSlideshow: be305b54eaf2b2cfc7a7141c7c734605d44dc07d
  INSPhotoGallery: ad317cb9a59c7a5f08550e4155b49622c24dcab3
  IQKeyboardManagerSwift: 7f6b1b1d1497855d2beea7f2f10ffcc6978525b1
  JGProgressHUD: d83d7a981b85d11205e19ff8ad5bb9c40571c847
  OneSignal: 67a3cf1d1edf2a9c22ba846e8d2eee2bf8cdb525
  PaystackCheckout: 2f19b7bc908e99b8ecc9031316d295ee47044caf
  R.swift: 0af0d882f49f03711415cb4e5215daa977d8a480
  razorpay-pod: 29b4d9e0a868a9234eaa7be0fbd09484bbfa9973
  ReachabilitySwift: 4032e2f59586e11e3b0ebe15b167abdd587a388b
  SDWebImage: 981fd7e860af070920f249fd092420006014c3eb
  SkeletonView: 5a050f6411e697abd4cda0a8d767013399dccd69
  Stripe: d8a4f4255574813bb077e48775bf2e66356b229c
  StripeApplePay: 41d9e6b3f485a2dcf6e7f2ce25e10b52c7051bea
  StripeCore: de53391538a1cc6cd91df270033b9699bcbb14da
  StripePayments: 97b732289e00a14742541635c9dc46c575b6d464
  StripePaymentsUI: d814fd67f4a4e0a26656d7a6854b671c38a5e68b
  StripeUICore: 67342fb2a003fd67fa42d59304085b9b71e8e1c2
  SwiftEventBus: b30f617a6aca5a9336464b4d3f5931034762f2d5
  SwiftyBeaver: 84069991dd5dca07d7069100985badaca7f0ce82
  Toast-Swift: e42a638589a2f95036b4bb7626cfbdde7daf0393
  XLPagerTabStrip: 63166e21c9844fa30f2d95d30f335e73be5caf22

PODFILE CHECKSUM: 4031a7f71278d607bc1a6dd1061e53123dc9e25f

COCOAPODS: 1.12.1
